
Microsoft Visual Studio Solution File, Format Version 12.00
# Visual Studio 15
VisualStudioVersion = 15.0.28307.539
MinimumVisualStudioVersion = 10.0.40219.1
Project("{FAE04EC0-301F-11D3-BF4B-00C04F79EFBC}") = "tabla", "tabla\tabla.csproj", "{492F8631-836E-42D3-B2B3-09B8CA1E3CA9}"
EndProject
Global
	GlobalSection(SolutionConfigurationPlatforms) = preSolution
		Debug|Any CPU = Debug|Any CPU
		Release|Any CPU = Release|Any CPU
	EndGlobalSection
	GlobalSection(ProjectConfigurationPlatforms) = postSolution
		{492F8631-836E-42D3-B2B3-09B8CA1E3CA9}.Debug|Any CPU.ActiveCfg = Debug|Any CPU
		{492F8631-836E-42D3-B2B3-09B8CA1E3CA9}.Debug|Any CPU.Build.0 = Debug|Any CPU
		{492F8631-836E-42D3-B2B3-09B8CA1E3CA9}.Release|Any CPU.ActiveCfg = Release|Any CPU
		{492F8631-836E-42D3-B2B3-09B8CA1E3CA9}.Release|Any CPU.Build.0 = Release|Any CPU
	EndGlobalSection
	GlobalSection(SolutionProperties) = preSolution
		HideSolutionNode = FALSE
	EndGlobalSection
	GlobalSection(ExtensibilityGlobals) = postSolution
		SolutionGuid = {E26EE331-7224-400A-931D-FE30D25F49C3}
	EndGlobalSection
EndGlobal
